
Microsoft Visual Studio Solution File, Format Version 12.00
# Visual Studio Version 17
VisualStudioVersion = 17.9.34616.47
MinimumVisualStudioVersion = 10.0.40219.1
Project("{FAE04EC0-301F-11D3-BF4B-00C04F79EFBC}") = "AlhamraMall.Domains", "AlhamraMall.Domains\AlhamraMall.Domains.csproj", "{DB888B00-916E-4F08-9D37-A02C305E35D4}"
EndProject
Project("{FAE04EC0-301F-11D3-BF4B-00C04F79EFBC}") = "AlhamraMall.Data", "AlhamraMall.Data\AlhamraMall.Data.csproj", "{40476B4F-915E-4D5C-9248-AF719A4F05D7}"
EndProject
Project("{FAE04EC0-301F-11D3-BF4B-00C04F79EFBC}") = "AlhamraMallApi", "AlhamraMallApi\AlhamraMallApi.csproj", "{135A5974-4457-4CE6-9A0E-9902AABC851C}"
EndProject
Global
	GlobalSection(SolutionConfigurationPlatforms) = preSolution
		Debug|Any CPU = Debug|Any CPU
		Release|Any CPU = Release|Any CPU
	EndGlobalSection
	GlobalSection(ProjectConfigurationPlatforms) = postSolution
		{DB888B00-916E-4F08-9D37-A02C305E35D4}.Debug|Any CPU.ActiveCfg = Debug|Any CPU
		{DB888B00-916E-4F08-9D37-A02C305E35D4}.Debug|Any CPU.Build.0 = Debug|Any CPU
		{DB888B00-916E-4F08-9D37-A02C305E35D4}.Release|Any CPU.ActiveCfg = Release|Any CPU
		{DB888B00-916E-4F08-9D37-A02C305E35D4}.Release|Any CPU.Build.0 = Release|Any CPU
		{40476B4F-915E-4D5C-9248-AF719A4F05D7}.Debug|Any CPU.ActiveCfg = Debug|Any CPU
		{40476B4F-915E-4D5C-9248-AF719A4F05D7}.Debug|Any CPU.Build.0 = Debug|Any CPU
		{40476B4F-915E-4D5C-9248-AF719A4F05D7}.Release|Any CPU.ActiveCfg = Release|Any CPU
		{40476B4F-915E-4D5C-9248-AF719A4F05D7}.Release|Any CPU.Build.0 = Release|Any CPU
		{135A5974-4457-4CE6-9A0E-9902AABC851C}.Debug|Any CPU.ActiveCfg = Debug|Any CPU
		{135A5974-4457-4CE6-9A0E-9902AABC851C}.Debug|Any CPU.Build.0 = Debug|Any CPU
		{135A5974-4457-4CE6-9A0E-9902AABC851C}.Release|Any CPU.ActiveCfg = Release|Any CPU
		{135A5974-4457-4CE6-9A0E-9902AABC851C}.Release|Any CPU.Build.0 = Release|Any CPU
	EndGlobalSection
	GlobalSection(SolutionProperties) = preSolution
		HideSolutionNode = FALSE
	EndGlobalSection
	GlobalSection(ExtensibilityGlobals) = postSolution
		SolutionGuid = {4C976F2B-67E3-4DDC-A93C-3722BB0AEDE4}
	EndGlobalSection
EndGlobal
